
Microsoft Visual Studio Solution File, Format Version 12.00
# Visual Studio Version 17
VisualStudioVersion = 17.5.002.0
MinimumVisualStudioVersion = 10.0.40219.1
Project("{9A19103F-16F7-4668-BE54-9A1E7A4F7556}") = "V2JQM3_RSS_Downloader", "V2JQM3_RSS_Downloader.csproj", "{A9C43DC7-F2B0-41A8-890C-CA1347BE81E4}"
EndProject
Global
	GlobalSection(SolutionConfigurationPlatforms) = preSolution
		Debug|Any CPU = Debug|Any CPU
		Release|Any CPU = Release|Any CPU
	EndGlobalSection
	GlobalSection(ProjectConfigurationPlatforms) = postSolution
		{A9C43DC7-F2B0-41A8-890C-CA1347BE81E4}.Debug|Any CPU.ActiveCfg = Debug|Any CPU
		{A9C43DC7-F2B0-41A8-890C-CA1347BE81E4}.Debug|Any CPU.Build.0 = Debug|Any CPU
		{A9C43DC7-F2B0-41A8-890C-CA1347BE81E4}.Release|Any CPU.ActiveCfg = Release|Any CPU
		{A9C43DC7-F2B0-41A8-890C-CA1347BE81E4}.Release|Any CPU.Build.0 = Release|Any CPU
	EndGlobalSection
	GlobalSection(SolutionProperties) = preSolution
		HideSolutionNode = FALSE
	EndGlobalSection
	GlobalSection(ExtensibilityGlobals) = postSolution
		SolutionGuid = {94AAF5F2-84EC-45D1-B16B-68B1D7DA2799}
	EndGlobalSection
EndGlobal
